
Microsoft Visual Studio Solution File, Format Version 12.00
# Visual Studio Version 17
VisualStudioVersion = 17.11.35327.3
MinimumVisualStudioVersion = 10.0.40219.1
Project("{9A19103F-16F7-4668-BE54-9A1E7A4F7556}") = "WAD.CW.Codebase.16486", "WAD.CW.Codebase.16486\WAD.CW.Codebase.16486.csproj", "{F825082A-0000-489F-96E8-B320B4F3E40F}"
EndProject
Project("{FAE04EC0-301F-11D3-BF4B-00C04F79EFBC}") = "WAD.CW.DAL", "WAD.CW.DAL\WAD.CW.DAL.csproj", "{8D15C2EC-CDD0-437B-ACE7-73C92DF737E5}"
EndProject
Global
	GlobalSection(SolutionConfigurationPlatforms) = preSolution
		Debug|Any CPU = Debug|Any CPU
		Release|Any CPU = Release|Any CPU
	EndGlobalSection
	GlobalSection(ProjectConfigurationPlatforms) = postSolution
		{F825082A-0000-489F-96E8-B320B4F3E40F}.Debug|Any CPU.ActiveCfg = Debug|Any CPU
		{F825082A-0000-489F-96E8-B320B4F3E40F}.Debug|Any CPU.Build.0 = Debug|Any CPU
		{F825082A-0000-489F-96E8-B320B4F3E40F}.Release|Any CPU.ActiveCfg = Release|Any CPU
		{F825082A-0000-489F-96E8-B320B4F3E40F}.Release|Any CPU.Build.0 = Release|Any CPU
		{8D15C2EC-CDD0-437B-ACE7-73C92DF737E5}.Debug|Any CPU.ActiveCfg = Debug|Any CPU
		{8D15C2EC-CDD0-437B-ACE7-73C92DF737E5}.Debug|Any CPU.Build.0 = Debug|Any CPU
		{8D15C2EC-CDD0-437B-ACE7-73C92DF737E5}.Release|Any CPU.ActiveCfg = Release|Any CPU
		{8D15C2EC-CDD0-437B-ACE7-73C92DF737E5}.Release|Any CPU.Build.0 = Release|Any CPU
	EndGlobalSection
	GlobalSection(SolutionProperties) = preSolution
		HideSolutionNode = FALSE
	EndGlobalSection
	GlobalSection(ExtensibilityGlobals) = postSolution
		SolutionGuid = {9D44C118-8B8F-4FA8-BD38-31BF9491C3DA}
	EndGlobalSection
EndGlobal
